// !$*UTF8*$!
{
	archiveVersion = 1;
	classes = {
	};
	objectVersion = 50;
	objects = {

/* Begin PBXBuildFile section */
		458B322A2294006600FA7665 /* AppDelegate.swift in Sources */ = {isa = PBXBuildFile; fileRef = 458B32292294006600FA7665 /* AppDelegate.swift */; };
		458B322C2294006600FA7665 /* ViewController.swift in Sources */ = {isa = PBXBuildFile; fileRef = 458B322B2294006600FA7665 /* ViewController.swift */; };
		458B322F2294006600FA7665 /* Main.storyboard in Resources */ = {isa = PBXBuildFile; fileRef = 458B322D2294006600FA7665 /* Main.storyboard */; };
		458B32312294006700FA7665 /* Assets.xcassets in Resources */ = {isa = PBXBuildFile; fileRef = 458B32302294006700FA7665 /* Assets.xcassets */; };
		458B32342294006700FA7665 /* LaunchScreen.storyboard in Resources */ = {isa = PBXBuildFile; fileRef = 458B32322294006700FA7665 /* LaunchScreen.storyboard */; };
		458B32422294018000FA7665 /* RPN.swift in Sources */ = {isa = PBXBuildFile; fileRef = 458B32412294018000FA7665 /* RPN.swift */; };
		458B3245229401B400FA7665 /* Extensions.swift in Sources */ = {isa = PBXBuildFile; fileRef = 458B3244229401B400FA7665 /* Extensions.swift */; };
		458B3247229403FE00FA7665 /* Calculator.swift in Sources */ = {isa = PBXBuildFile; fileRef = 458B3246229403FE00FA7665 /* Calculator.swift */; };
		458B324B2294078C00FA7665 /* AlertManager.swift in Sources */ = {isa = PBXBuildFile; fileRef = 458B324A2294078C00FA7665 /* AlertManager.swift */; };
		458B324E229408AF00FA7665 /* CurvedLogic.swift in Sources */ = {isa = PBXBuildFile; fileRef = 458B324D229408AF00FA7665 /* CurvedLogic.swift */; };
		458B3250229408D500FA7665 /* Point.swift in Sources */ = {isa = PBXBuildFile; fileRef = 458B324F229408D500FA7665 /* Point.swift */; };
		458B325222940FBC00FA7665 /* Plot.swift in Sources */ = {isa = PBXBuildFile; fileRef = 458B325122940FBC00FA7665 /* Plot.swift */; };
		458B32552294104100FA7665 /* NetworkManager.swift in Sources */ = {isa = PBXBuildFile; fileRef = 458B32542294104100FA7665 /* NetworkManager.swift */; };
		458B32582294106E00FA7665 /* SpellChecker.swift in Sources */ = {isa = PBXBuildFile; fileRef = 458B32572294106E00FA7665 /* SpellChecker.swift */; };
/* End PBXBuildFile section */

/* Begin PBXFileReference section */
		458B32262294006600FA7665 /* CalculatorWithPolotter.app */ = {isa = PBXFileReference; explicitFileType = wrapper.application; includeInIndex = 0; path = CalculatorWithPolotter.app; sourceTree = BUILT_PRODUCTS_DIR; };
		458B32292294006600FA7665 /* AppDelegate.swift */ = {isa = PBXFileReference; lastKnownFileType = sourcecode.swift; path = AppDelegate.swift; sourceTree = "<group>"; };
		458B322B2294006600FA7665 /* ViewController.swift */ = {isa = PBXFileReference; lastKnownFileType = sourcecode.swift; path = ViewController.swift; sourceTree = "<group>"; };
		458B322E2294006600FA7665 /* Base */ = {isa = PBXFileReference; lastKnownFileType = file.storyboard; name = Base; path = Base.lproj/Main.storyboard; sourceTree = "<group>"; };
		458B32302294006700FA7665 /* Assets.xcassets */ = {isa = PBXFileReference; lastKnownFileType = folder.assetcatalog; path = Assets.xcassets; sourceTree = "<group>"; };
		458B32332294006700FA7665 /* Base */ = {isa = PBXFileReference; lastKnownFileType = file.storyboard; name = Base; path = Base.lproj/LaunchScreen.storyboard; sourceTree = "<group>"; };
		458B32352294006700FA7665 /* Info.plist */ = {isa = PBXFileReference; lastKnownFileType = text.plist.xml; path = Info.plist; sourceTree = "<group>"; };
		458B32412294018000FA7665 /* RPN.swift */ = {isa = PBXFileReference; lastKnownFileType = sourcecode.swift; path = RPN.swift; sourceTree = "<group>"; };
		458B3244229401B400FA7665 /* Extensions.swift */ = {isa = PBXFileReference; lastKnownFileType = sourcecode.swift; path = Extensions.swift; sourceTree = "<group>"; };
		458B3246229403FE00FA7665 /* Calculator.swift */ = {isa = PBXFileReference; lastKnownFileType = sourcecode.swift; path = Calculator.swift; sourceTree = "<group>"; };
		458B324A2294078C00FA7665 /* AlertManager.swift */ = {isa = PBXFileReference; lastKnownFileType = sourcecode.swift; path = AlertManager.swift; sourceTree = "<group>"; };
		458B324D229408AF00FA7665 /* CurvedLogic.swift */ = {isa = PBXFileReference; lastKnownFileType = sourcecode.swift; path = CurvedLogic.swift; sourceTree = "<group>"; };
		458B324F229408D500FA7665 /* Point.swift */ = {isa = PBXFileReference; lastKnownFileType = sourcecode.swift; path = Point.swift; sourceTree = "<group>"; };
		458B325122940FBC00FA7665 /* Plot.swift */ = {isa = PBXFileReference; lastKnownFileType = sourcecode.swift; path = Plot.swift; sourceTree = "<group>"; };
		458B32542294104100FA7665 /* NetworkManager.swift */ = {isa = PBXFileReference; lastKnownFileType = sourcecode.swift; path = NetworkManager.swift; sourceTree = "<group>"; };
		458B32572294106E00FA7665 /* SpellChecker.swift */ = {isa = PBXFileReference; lastKnownFileType = sourcecode.swift; path = SpellChecker.swift; sourceTree = "<group>"; };
/* End PBXFileReference section */

/* Begin PBXFrameworksBuildPhase section */
		458B32232294006600FA7665 /* Frameworks */ = {
			isa = PBXFrameworksBuildPhase;
			buildActionMask = 2147483647;
			files = (
			);
			runOnlyForDeploymentPostprocessing = 0;
		};
/* End PBXFrameworksBuildPhase section */

/* Begin PBXGroup section */
		458B321D2294006600FA7665 = {
			isa = PBXGroup;
			children = (
				458B32282294006600FA7665 /* CalculatorWithPolotter */,
				458B32272294006600FA7665 /* Products */,
			);
			sourceTree = "<group>";
		};
		458B32272294006600FA7665 /* Products */ = {
			isa = PBXGroup;
			children = (
				458B32262294006600FA7665 /* CalculatorWithPolotter.app */,
			);
			name = Products;
			sourceTree = "<group>";
		};
		458B32282294006600FA7665 /* CalculatorWithPolotter */ = {
			isa = PBXGroup;
			children = (
				458B324C2294089600FA7665 /* Plot */,
				458B323C229400FF00FA7665 /* Calculator */,
				458B323B2294009C00FA7665 /* App */,
				458B323F2294012F00FA7665 /* Supporting Files */,
			);
			path = CalculatorWithPolotter;
			sourceTree = "<group>";
		};
		458B323B2294009C00FA7665 /* App */ = {
			isa = PBXGroup;
			children = (
				458B32322294006700FA7665 /* LaunchScreen.storyboard */,
				458B32292294006600FA7665 /* AppDelegate.swift */,
				458B324A2294078C00FA7665 /* AlertManager.swift */,
				458B32542294104100FA7665 /* NetworkManager.swift */,
			);
			path = App;
			sourceTree = "<group>";
		};
		458B323C229400FF00FA7665 /* Calculator */ = {
			isa = PBXGroup;
			children = (
				458B32432294019F00FA7665 /* Extensions */,
				458B32402294017200FA7665 /* Model */,
				458B323E2294011D00FA7665 /* Controller */,
				458B323D2294010F00FA7665 /* View */,
			);
			path = Calculator;
			sourceTree = "<group>";
		};
		458B323D2294010F00FA7665 /* View */ = {
			isa = PBXGroup;
			children = (
				458B322D2294006600FA7665 /* Main.storyboard */,
			);
			path = View;
			sourceTree = "<group>";
		};
		458B323E2294011D00FA7665 /* Controller */ = {
			isa = PBXGroup;
			children = (
				458B32562294105800FA7665 /* ViewControllers */,
				458B32572294106E00FA7665 /* SpellChecker.swift */,
			);
			path = Controller;
			sourceTree = "<group>";
		};
		458B323F2294012F00FA7665 /* Supporting Files */ = {
			isa = PBXGroup;
			children = (
				458B32302294006700FA7665 /* Assets.xcassets */,
				458B32352294006700FA7665 /* Info.plist */,
			);
			path = "Supporting Files";
			sourceTree = "<group>";
		};
		458B32402294017200FA7665 /* Model */ = {
			isa = PBXGroup;
			children = (
				458B32412294018000FA7665 /* RPN.swift */,
				458B3246229403FE00FA7665 /* Calculator.swift */,
			);
			path = Model;
			sourceTree = "<group>";
		};
		458B32432294019F00FA7665 /* Extensions */ = {
			isa = PBXGroup;
			children = (
				458B3244229401B400FA7665 /* Extensions.swift */,
			);
			path = Extensions;
			sourceTree = "<group>";
		};
		458B324C2294089600FA7665 /* Plot */ = {
			isa = PBXGroup;
			children = (
				458B324D229408AF00FA7665 /* CurvedLogic.swift */,
				458B324F229408D500FA7665 /* Point.swift */,
				458B325122940FBC00FA7665 /* Plot.swift */,
			);
			path = Plot;
			sourceTree = "<group>";
		};
		458B32562294105800FA7665 /* ViewControllers */ = {
			isa = PBXGroup;
			children = (
				458B322B2294006600FA7665 /* ViewController.swift */,
			);
			path = ViewControllers;
			sourceTree = "<group>";
		};
/* End PBXGroup section */

/* Begin PBXNativeTarget section */
		458B32252294006600FA7665 /* CalculatorWithPolotter */ = {
			isa = PBXNativeTarget;
			buildConfigurationList = 458B32382294006700FA7665 /* Build configuration list for PBXNativeTarget "CalculatorWithPolotter" */;
			buildPhases = (
				458B32222294006600FA7665 /* Sources */,
				458B32232294006600FA7665 /* Frameworks */,
				458B32242294006600FA7665 /* Resources */,
			);
			buildRules = (
			);
			dependencies = (
			);
			name = CalculatorWithPolotter;
			productName = CalculatorWithPolotter;
			productReference = 458B32262294006600FA7665 /* CalculatorWithPolotter.app */;
			productType = "com.apple.product-type.application";
		};
/* End PBXNativeTarget section */

/* Begin PBXProject section */
		458B321E2294006600FA7665 /* Project object */ = {
			isa = PBXProject;
			attributes = {
				LastSwiftUpdateCheck = 1020;
				LastUpgradeCheck = 1020;
				ORGANIZATIONNAME = "Valentin Kiselev";
				TargetAttributes = {
					458B32252294006600FA7665 = {
						CreatedOnToolsVersion = 10.2;
					};
				};
			};
			buildConfigurationList = 458B32212294006600FA7665 /* Build configuration list for PBXProject "CalculatorWithPolotter" */;
			compatibilityVersion = "Xcode 9.3";
			developmentRegion = en;
			hasScannedForEncodings = 0;
			knownRegions = (
				en,
				Base,
			);
			mainGroup = 458B321D2294006600FA7665;
			productRefGroup = 458B32272294006600FA7665 /* Products */;
			projectDirPath = "";
			projectRoot = "";
			targets = (
				458B32252294006600FA7665 /* CalculatorWithPolotter */,
			);
		};
/* End PBXProject section */

/* Begin PBXResourcesBuildPhase section */
		458B32242294006600FA7665 /* Resources */ = {
			isa = PBXResourcesBuildPhase;
			buildActionMask = 2147483647;
			files = (
				458B32342294006700FA7665 /* LaunchScreen.storyboard in Resources */,
				458B32312294006700FA7665 /* Assets.xcassets in Resources */,
				458B322F2294006600FA7665 /* Main.storyboard in Resources */,
			);
			runOnlyForDeploymentPostprocessing = 0;
		};
/* End PBXResourcesBuildPhase section */

/* Begin PBXSourcesBuildPhase section */
		458B32222294006600FA7665 /* Sources */ = {
			isa = PBXSourcesBuildPhase;
			buildActionMask = 2147483647;
			files = (
				458B3250229408D500FA7665 /* Point.swift in Sources */,
				458B32582294106E00FA7665 /* SpellChecker.swift in Sources */,
				458B322C2294006600FA7665 /* ViewController.swift in Sources */,
				458B32552294104100FA7665 /* NetworkManager.swift in Sources */,
				458B322A2294006600FA7665 /* AppDelegate.swift in Sources */,
				458B324E229408AF00FA7665 /* CurvedLogic.swift in Sources */,
				458B324B2294078C00FA7665 /* AlertManager.swift in Sources */,
				458B32422294018000FA7665 /* RPN.swift in Sources */,
				458B3247229403FE00FA7665 /* Calculator.swift in Sources */,
				458B325222940FBC00FA7665 /* Plot.swift in Sources */,
				458B3245229401B400FA7665 /* Extensions.swift in Sources */,
			);
			runOnlyForDeploymentPostprocessing = 0;
		};
/* End PBXSourcesBuildPhase section */

/* Begin PBXVariantGroup section */
		458B322D2294006600FA7665 /* Main.storyboard */ = {
			isa = PBXVariantGroup;
			children = (
				458B322E2294006600FA7665 /* Base */,
			);
			name = Main.storyboard;
			sourceTree = "<group>";
		};
		458B32322294006700FA7665 /* LaunchScreen.storyboard */ = {
			isa = PBXVariantGroup;
			children = (
				458B32332294006700FA7665 /* Base */,
			);
			name = LaunchScreen.storyboard;
			sourceTree = "<group>";
		};
/* End PBXVariantGroup section */

/* Begin XCBuildConfiguration section */
		458B32362294006700FA7665 /* Debug */ = {
			isa = XCBuildConfiguration;
			buildSettings = {
				ALWAYS_SEARCH_USER_PATHS = NO;
				CLANG_ANALYZER_NONNULL = YES;
				CLANG_ANALYZER_NUMBER_OBJECT_CONVERSION = YES_AGGRESSIVE;
				CLANG_CXX_LANGUAGE_STANDARD = "gnu++14";
				CLANG_CXX_LIBRARY = "libc++";
				CLANG_ENABLE_MODULES = YES;
				CLANG_ENABLE_OBJC_ARC = YES;
				CLANG_ENABLE_OBJC_WEAK = YES;
				CLANG_WARN_BLOCK_CAPTURE_AUTORELEASING = YES;
				CLANG_WARN_BOOL_CONVERSION = YES;
				CLANG_WARN_COMMA = YES;
				CLANG_WARN_CONSTANT_CONVERSION = YES;
				CLANG_WARN_DEPRECATED_OBJC_IMPLEMENTATIONS = YES;
				CLANG_WARN_DIRECT_OBJC_ISA_USAGE = YES_ERROR;
				CLANG_WARN_DOCUMENTATION_COMMENTS = YES;
				CLANG_WARN_EMPTY_BODY = YES;
				CLANG_WARN_ENUM_CONVERSION = YES;
				CLANG_WARN_INFINITE_RECURSION = YES;
				CLANG_WARN_INT_CONVERSION = YES;
				CLANG_WARN_NON_LITERAL_NULL_CONVERSION = YES;
				CLANG_WARN_OBJC_IMPLICIT_RETAIN_SELF = YES;
				CLANG_WARN_OBJC_LITERAL_CONVERSION = YES;
				CLANG_WARN_OBJC_ROOT_CLASS = YES_ERROR;
				CLANG_WARN_RANGE_LOOP_ANALYSIS = YES;
				CLANG_WARN_STRICT_PROTOTYPES = YES;
				CLANG_WARN_SUSPICIOUS_MOVE = YES;
				CLANG_WARN_UNGUARDED_AVAILABILITY = YES_AGGRESSIVE;
				CLANG_WARN_UNREACHABLE_CODE = YES;
				CLANG_WARN__DUPLICATE_METHOD_MATCH = YES;
				CODE_SIGN_IDENTITY = "iPhone Developer";
				COPY_PHASE_STRIP = NO;
				DEBUG_INFORMATION_FORMAT = dwarf;
				ENABLE_STRICT_OBJC_MSGSEND = YES;
				ENABLE_TESTABILITY = YES;
				GCC_C_LANGUAGE_STANDARD = gnu11;
				GCC_DYNAMIC_NO_PIC = NO;
				GCC_NO_COMMON_BLOCKS = YES;
				GCC_OPTIMIZATION_LEVEL = 0;
				GCC_PREPROCESSOR_DEFINITIONS = (
					"DEBUG=1",
					"$(inherited)",
				);
				GCC_WARN_64_TO_32_BIT_CONVERSION = YES;
				GCC_WARN_ABOUT_RETURN_TYPE = YES_ERROR;
				GCC_WARN_UNDECLARED_SELECTOR = YES;
				GCC_WARN_UNINITIALIZED_AUTOS = YES_AGGRESSIVE;
				GCC_WARN_UNUSED_FUNCTION = YES;
				GCC_WARN_UNUSED_VARIABLE = YES;
				IPHONEOS_DEPLOYMENT_TARGET = 12.2;
				MTL_ENABLE_DEBUG_INFO = INCLUDE_SOURCE;
				MTL_FAST_MATH = YES;
				ONLY_ACTIVE_ARCH = YES;
				SDKROOT = iphoneos;
				SWIFT_ACTIVE_COMPILATION_CONDITIONS = DEBUG;
				SWIFT_OPTIMIZATION_LEVEL = "-Onone";
			};
			name = Debug;
		};
		458B32372294006700FA7665 /* Release */ = {
			isa = XCBuildConfiguration;
			buildSettings = {
				ALWAYS_SEARCH_USER_PATHS = NO;
				CLANG_ANALYZER_NONNULL = YES;
				CLANG_ANALYZER_NUMBER_OBJECT_CONVERSION = YES_AGGRESSIVE;
				CLANG_CXX_LANGUAGE_STANDARD = "gnu++14";
				CLANG_CXX_LIBRARY = "libc++";
				CLANG_ENABLE_MODULES = YES;
				CLANG_ENABLE_OBJC_ARC = YES;
				CLANG_ENABLE_OBJC_WEAK = YES;
				CLANG_WARN_BLOCK_CAPTURE_AUTORELEASING = YES;
				CLANG_WARN_BOOL_CONVERSION = YES;
				CLANG_WARN_COMMA = YES;
				CLANG_WARN_CONSTANT_CONVERSION = YES;
				CLANG_WARN_DEPRECATED_OBJC_IMPLEMENTATIONS = YES;
				CLANG_WARN_DIRECT_OBJC_ISA_USAGE = YES_ERROR;
				CLANG_WARN_DOCUMENTATION_COMMENTS = YES;
				CLANG_WARN_EMPTY_BODY = YES;
				CLANG_WARN_ENUM_CONVERSION = YES;
				CLANG_WARN_INFINITE_RECURSION = YES;
				CLANG_WARN_INT_CONVERSION = YES;
				CLANG_WARN_NON_LITERAL_NULL_CONVERSION = YES;
				CLANG_WARN_OBJC_IMPLICIT_RETAIN_SELF = YES;
				CLANG_WARN_OBJC_LITERAL_CONVERSION = YES;
				CLANG_WARN_OBJC_ROOT_CLASS = YES_ERROR;
				CLANG_WARN_RANGE_LOOP_ANALYSIS = YES;
				CLANG_WARN_STRICT_PROTOTYPES = YES;
				CLANG_WARN_SUSPICIOUS_MOVE = YES;
				CLANG_WARN_UNGUARDED_AVAILABILITY = YES_AGGRESSIVE;
				CLANG_WARN_UNREACHABLE_CODE = YES;
				CLANG_WARN__DUPLICATE_METHOD_MATCH = YES;
				CODE_SIGN_IDENTITY = "iPhone Developer";
				COPY_PHASE_STRIP = NO;
				DEBUG_INFORMATION_FORMAT = "dwarf-with-dsym";
				ENABLE_NS_ASSERTIONS = NO;
				ENABLE_STRICT_OBJC_MSGSEND = YES;
				GCC_C_LANGUAGE_STANDARD = gnu11;
				GCC_NO_COMMON_BLOCKS = YES;
				GCC_WARN_64_TO_32_BIT_CONVERSION = YES;
				GCC_WARN_ABOUT_RETURN_TYPE = YES_ERROR;
				GCC_WARN_UNDECLARED_SELECTOR = YES;
				GCC_WARN_UNINITIALIZED_AUTOS = YES_AGGRESSIVE;
				GCC_WARN_UNUSED_FUNCTION = YES;
				GCC_WARN_UNUSED_VARIABLE = YES;
				IPHONEOS_DEPLOYMENT_TARGET = 12.2;
				MTL_ENABLE_DEBUG_INFO = NO;
				MTL_FAST_MATH = YES;
				SDKROOT = iphoneos;
				SWIFT_COMPILATION_MODE = wholemodule;
				SWIFT_OPTIMIZATION_LEVEL = "-O";
				VALIDATE_PRODUCT = YES;
			};
			name = Release;
		};
		458B32392294006700FA7665 /* Debug */ = {
			isa = XCBuildConfiguration;
			buildSettings = {
				ASSETCATALOG_COMPILER_APPICON_NAME = AppIcon;
				CODE_SIGN_STYLE = Automatic;
				DEVELOPMENT_TEAM = 2ZG5VTK82Y;
				INFOPLIST_FILE = "$(SRCROOT)/CalculatorWithPolotter/Supporting Files/Info.plist";
				LD_RUNPATH_SEARCH_PATHS = (
					"$(inherited)",
					"@executable_path/Frameworks",
				);
				PRODUCT_BUNDLE_IDENTIFIER = sanctovali.CalculatorWithPolotter;
				PRODUCT_NAME = "$(TARGET_NAME)";
				SWIFT_VERSION = 5.0;
				TARGETED_DEVICE_FAMILY = "1,2";
			};
			name = Debug;
		};
		458B323A2294006700FA7665 /* Release */ = {
			isa = XCBuildConfiguration;
			buildSettings = {
				ASSETCATALOG_COMPILER_APPICON_NAME = AppIcon;
				CODE_SIGN_STYLE = Automatic;
				DEVELOPMENT_TEAM = 2ZG5VTK82Y;
				INFOPLIST_FILE = "$(SRCROOT)/CalculatorWithPolotter/Supporting Files/Info.plist";
				LD_RUNPATH_SEARCH_PATHS = (
					"$(inherited)",
					"@executable_path/Frameworks",
				);
				PRODUCT_BUNDLE_IDENTIFIER = sanctovali.CalculatorWithPolotter;
				PRODUCT_NAME = "$(TARGET_NAME)";
				SWIFT_VERSION = 5.0;
				TARGETED_DEVICE_FAMILY = "1,2";
			};
			name = Release;
		};
/* End XCBuildConfiguration section */

/* Begin XCConfigurationList section */
		458B32212294006600FA7665 /* Build configuration list for PBXProject "CalculatorWithPolotter" */ = {
			isa = XCConfigurationList;
			buildConfigurations = (
				458B32362294006700FA7665 /* Debug */,
				458B32372294006700FA7665 /* Release */,
			);
			defaultConfigurationIsVisible = 0;
			defaultConfigurationName = Release;
		};
		458B32382294006700FA7665 /* Build configuration list for PBXNativeTarget "CalculatorWithPolotter" */ = {
			isa = XCConfigurationList;
			buildConfigurations = (
				458B32392294006700FA7665 /* Debug */,
				458B323A2294006700FA7665 /* Release */,
			);
			defaultConfigurationIsVisible = 0;
			defaultConfigurationName = Release;
		};
/* End XCConfigurationList section */
	};
	rootObject = 458B321E2294006600FA7665 /* Project object */;
}
